filippo.io/edwards25519 v1.1.0 h1:FNf4tywRC1HmFuKW5xopWpigGjJKiJSV0Cqo0cJWDaA=
filippo.io/edwards25519 v1.1.0/go.mod h1:BxyFTGdWcka3PhytdK4V28tE5sGfRvvvRV7EaN4VDT4=
github.com/Lineblocs/go-helpers v0.0.4-0.20230317053514-c995bf51a27f h1:ETpbZ6TCfGlLxAZTv0gDRl5AOUGagI9VJFJ8zpd6J3c=
github.com/Lineblocs/go-helpers v0.0.4-0.20230317053514-c995bf51a27f/go.mod h1:b/evz05SrKd1iB37bjiDLiqMBwXvLsIZNfixiFbDf60=
github.com/Lineblocs/go-helpers v0.0.4-0.20230424205953-3799d3f562be h1:cSBoICwwSjgx0jl4IDeHNLoQ+SsTPKmwtM6ARtjhwQ0=
github.com/Lineblocs/go-helpers v0.0.4-0.20230424205953-3799d3f562be/go.mod h1:b/evz05SrKd1iB37bjiDLiqMBwXvLsIZNfixiFbDf60=
github.com/Lineblocs/go-helpers v0.0.4-0.20230424210241-db75850d09ad h1:T39gpCLwDb40LU5FvhUqcdbjE/h42JBx3A/WO/JEXsc=
github.com/Lineblocs/go-helpers v0.0.4-0.20230424210241-db75850d09ad/go.mod h1:b/evz05SrKd1iB37bjiDLiqMBwXvLsIZNfixiFbDf60=
github.com/Lineblocs/go-helpers v0.0.4-0.20230424210416-61f6b92ceef9 h1:2okTjTYSdgHwMwiMOgQI4y+vCudTmJPUtylSv7nWj9Y=
github.com/Lineblocs/go-helpers v0.0.4-0.20230424210416-61f6b92ceef9/go.mod h1:b/evz05SrKd1iB37bjiDLiqMBwXvLsIZNfixiFbDf60=
github.com/Lineblocs/go-helpers v0.0.4-0.20230424211213-b9c5f29df796 h1:nNKbLbEZWMFJgb25g6Jhd6lJAaf0+CCrbN+m+WGBZK0=
github.com/Lineblocs/go-helpers v0.0.4-0.20230424211213-b9c5f29df796/go.mod h1:b/evz05SrKd1iB37bjiDLiqMBwXvLsIZNfixiFbDf60=
github.com/Lineblocs/go-helpers v0.0.4-0.20240523213000-312f8adcf999 h1:DOJ7D1wTTSjCfD18XAkbOgzFL+9cavIPiPyBx7QI//o=
github.com/Lineblocs/go-helpers v0.0.4-0.20240523213000-312f8adcf999/go.mod h1:URpye7EwegAN5PPq3Vy1DbX77qNkjq+OL4P3Hom8r/k=
github.com/aws/aws-sdk-go v1.44.161 h1:uZdZJ30mlbaU2wsrd/wzibrX01cbgKE2t486TtRjeHs=
github.com/aws/aws-sdk-go v1.44.161/go.mod h1:aVsgQcEevwlmQ7qHE9I3h+dtQgpqhFB+i8Phjh7fkwI=
github.com/aws/aws-sdk-go v1.53.9 h1:6oipls9+L+l2Me5rklqlX3xGWNWGcMinY3F69q9Q+Cg=
github.com/aws/aws-sdk-go v1.53.9/go.mod h1:LF8svs817+Nz+DmiMQKTO3ubZ/6IaTpq3TjupRn3Eqk=
github.com/aws/aws-sdk-go-v2 v1.5.0/go.mod h1:tI4KhsR5VkzlUa2DZAdwx7wCAYGwkZZ1H31PYrBFx1w=
github.com/aws/aws-sdk-go-v2 v1.17.6 h1:Y773UK7OBqhzi5VDXMi1zVGsoj+CVHs2eaC2bDsLwi0=
github.com/aws/aws-sdk-go-v2 v1.17.6/go.mod h1:uzbQtefpm44goOPmdKyAlXSNcwlRgF3ePWVW6EtJvvw=
github.com/aws/aws-sdk-go-v2 v1.27.0 h1:7bZWKoXhzI+mMR/HjdMx8ZCC5+6fY0lS5tr0bbgiLlo=
github.com/aws/aws-sdk-go-v2 v1.27.0/go.mod h1:ffIFB97e2yNsv4aTSGkqtHnppsIJzw7G7BReUZ3jCXM=
github.com/aws/aws-sdk-go-v2/aws/protocol/eventstream v1.6.2 h1:x6xsQXGSmW6frevwDA+vi/wqhp1ct18mVXYN08/93to=
github.com/aws/aws-sdk-go-v2/aws/protocol/eventstream v1.6.2/go.mod h1:lPprDr1e6cJdyYeGXnRaJoP4Md+cDBvi2eOj00BlGmg=
github.com/aws/aws-sdk-go-v2/config v1.18.18 h1:/ePABXvXl3ESlzUGnkkvvNnRFw3Gh13dyqaq0Qo3JcU=
github.com/aws/aws-sdk-go-v2/config v1.18.18/go.mod h1:Lj3E7XcxJnxMa+AYo89YiL68s1cFJRGduChynYU67VA=
github.com/aws/aws-sdk-go-v2/config v1.27.16 h1:knpCuH7laFVGYTNd99Ns5t+8PuRjDn4HnnZK48csipM=
github.com/aws/aws-sdk-go-v2/config v1.27.16/go.mod h1:vutqgRhDUktwSge3hrC3nkuirzkJ4E/mLj5GvI0BQas=
github.com/aws/aws-sdk-go-v2/credentials v1.13.17 h1:IubQO/RNeIVKF5Jy77w/LfUvmmCxTnk2TP1UZZIMiF4=
github.com/aws/aws-sdk-go-v2/credentials v1.13.17/go.mod h1:K9xeFo1g/YPMguMUD69YpwB4Nyi6W/5wn706xIInJFg=
github.com/aws/aws-sdk-go-v2/credentials v1.17.16 h1:7d2QxY83uYl0l58ceyiSpxg9bSbStqBC6BeEeHEchwo=
github.com/aws/aws-sdk-go-v2/credentials v1.17.16/go.mod h1:Ae6li/6Yc6eMzysRL2BXlPYvnrLLBg3D11/AmOjw50k=
github.com/aws/aws-sdk-go-v2/feature/ec2/imds v1.13.0 h1:/2Cb3SK3xVOQA7Xfr5nCWCo5H3UiNINtsVvVdk8sQqA=
github.com/aws/aws-sdk-go-v2/feature/ec2/imds v1.13.0/go.mod h1:neYVaeKr5eT7BzwULuG2YbLhzWZ22lpjKdCybR7AXrQ=
github.com/aws/aws-sdk-go-v2/feature/ec2/imds v1.16.3 h1:dQLK4TjtnlRGb0czOht2CevZ5l6RSyRWAnKeGd7VAFE=
github.com/aws/aws-sdk-go-v2/feature/ec2/imds v1.16.3/go.mod h1:TL79f2P6+8Q7dTsILpiVST+AL9lkF6PPGI167Ny0Cjw=
github.com/aws/aws-sdk-go-v2/internal/configsources v1.1.30 h1:y+8n9AGDjikyXoMBTRaHHHSaFEB8267ykmvyPodJfys=
github.com/aws/aws-sdk-go-v2/internal/configsources v1.1.30/go.mod h1:LUBAO3zNXQjoONBKn/kR1y0Q4cj/D02Ts0uHYjcCQLM=
github.com/aws/aws-sdk-go-v2/internal/configsources v1.3.7 h1:lf/8VTF2cM+N4SLzaYJERKEWAXq8MOMpZfU6wEPWsPk=
github.com/aws/aws-sdk-go-v2/internal/configsources v1.3.7/go.mod h1:4SjkU7QiqK2M9oozyMzfZ/23LmUY+h3oFqhdeP5OMiI=
github.com/aws/aws-sdk-go-v2/internal/endpoints/v2 v2.4.24 h1:r+Kv+SEJquhAZXaJ7G4u44cIwXV3f8K+N482NNAzJZA=
github.com/aws/aws-sdk-go-v2/internal/endpoints/v2 v2.4.24/go.mod h1:gAuCezX/gob6BSMbItsSlMb6WZGV7K2+fWOvk8xBSto=
github.com/aws/aws-sdk-go-v2/internal/endpoints/v2 v2.6.7 h1:4OYVp0705xu8yjdyoWix0r9wPIRXnIzzOoUpQVHIJ/g=
github.com/aws/aws-sdk-go-v2/internal/endpoints/v2 v2.6.7/go.mod h1:vd7ESTEvI76T2Na050gODNmNU7+OyKrIKroYTu4ABiI=
github.com/aws/aws-sdk-go-v2/internal/ini v1.3.31 h1:hf+Vhp5WtTdcSdE+yEcUz8L73sAzN0R+0jQv+Z51/mI=
github.com/aws/aws-sdk-go-v2/internal/ini v1.3.31/go.mod h1:5zUjguZfG5qjhG9/wqmuyHRyUftl2B5Cp6NNxNC6kRA=
github.com/aws/aws-sdk-go-v2/internal/ini v1.8.0 h1:hT8rVHwugYE2lEfdFE0QWVo81lF7jMrYJVDWI+f+VxU=
github.com/aws/aws-sdk-go-v2/internal/ini v1.8.0/go.mod h1:8tu/lYfQfFe6IGnaOdrpVgEL2IrrDOf6/m9RQum4NkY=
github.com/aws/aws-sdk-go-v2/service/cloudwatchlogs v1.3.0/go.mod h1:NGJCZjnkPL4venuqvATH+EqSbYhqlVqwalNJpGH9+Dc=
github.com/aws/aws-sdk-go-v2/service/cloudwatchlogs v1.20.6 h1:hT9mrvaUpx/T9gi6JkAI5uAmX+eTCI0ignb5YXNG/GU=
github.com/aws/aws-sdk-go-v2/service/cloudwatchlogs v1.20.6/go.mod h1:kOHVSyc1cOsgOzB1MJViE4KteDEjosGukDWGrd9oOW0=
github.com/aws/aws-sdk-go-v2/service/cloudwatchlogs v1.35.5 h1:UsJC9BCSLG9tamqukeFs2IJUGvCnLRxhIwb8Ru9dEME=
github.com/aws/aws-sdk-go-v2/service/cloudwatchlogs v1.35.5/go.mod h1:OfO65DNsDX+wgWmjljN55I+Dzo4nbhWNlNFuco5AAgw=
github.com/aws/aws-sdk-go-v2/service/internal/accept-encoding v1.11.2 h1:Ji0DY1xUsUr3I8cHps0G+XM3WWU16lP6yG8qu1GAZAs=
github.com/aws/aws-sdk-go-v2/service/internal/accept-encoding v1.11.2/go.mod h1:5CsjAbs3NlGQyZNFACh+zztPDI7fU6eW9QsxjfnuBKg=
github.com/aws/aws-sdk-go-v2/service/internal/presigned-url v1.9.24 h1:c5qGfdbCHav6viBwiyDns3OXqhqAbGjfIB4uVu2ayhk=
github.com/aws/aws-sdk-go-v2/service/internal/presigned-url v1.9.24/go.mod h1:HMA4FZG6fyib+NDo5bpIxX1EhYjrAOveZJY2YR0xrNE=
github.com/aws/aws-sdk-go-v2/service/internal/presigned-url v1.11.9 h1:Wx0rlZoEJR7JwlSZcHnEa7CNjrSIyVxMFWGAaXy4fJY=
github.com/aws/aws-sdk-go-v2/service/internal/presigned-url v1.11.9/go.mod h1:aVMHdE0aHO3v+f/iw01fmXV/5DbfQ3Bi9nN7nd9bE9Y=
github.com/aws/aws-sdk-go-v2/service/sso v1.12.5 h1:bdKIX6SVF3nc3xJFw6Nf0igzS6Ff/louGq8Z6VP/3Hs=
github.com/aws/aws-sdk-go-v2/service/sso v1.12.5/go.mod h1:vuWiaDB30M/QTC+lI3Wj6S/zb7tpUK2MSYgy3Guh2L0=
github.com/aws/aws-sdk-go-v2/service/sso v1.20.9 h1:aD7AGQhvPuAxlSUfo0CWU7s6FpkbyykMhGYMvlqTjVs=
github.com/aws/aws-sdk-go-v2/service/sso v1.20.9/go.mod h1:c1qtZUWtygI6ZdvKppzCSXsDOq5I4luJPZ0Ud3juFCA=
github.com/aws/aws-sdk-go-v2/service/ssooidc v1.14.5 h1:xLPZMyuZ4GuqRCIec/zWuIhRFPXh2UOJdLXBSi64ZWQ=
github.com/aws/aws-sdk-go-v2/service/ssooidc v1.14.5/go.mod h1:QjxpHmCwAg0ESGtPQnLIVp7SedTOBMYy+Slr3IfMKeI=
github.com/aws/aws-sdk-go-v2/service/ssooidc v1.24.3 h1:Pav5q3cA260Zqez42T9UhIlsd9QeypszRPwC9LdSSsQ=
github.com/aws/aws-sdk-go-v2/service/ssooidc v1.24.3/go.mod h1:9lmoVDVLz/yUZwLaQ676TK02fhCu4+PgRSmMaKR1ozk=
github.com/aws/aws-sdk-go-v2/service/sts v1.18.6 h1:rIFn5J3yDoeuKCE9sESXqM5POTAhOP1du3bv/qTL+tE=
github.com/aws/aws-sdk-go-v2/service/sts v1.18.6/go.mod h1:48WJ9l3dwP0GSHWGc5sFGGlCkuA82Mc2xnw+T6Q8aDw=
github.com/aws/aws-sdk-go-v2/service/sts v1.28.10 h1:69tpbPED7jKPyzMcrwSvhWcJ9bPnZsZs18NT40JwM0g=
github.com/aws/aws-sdk-go-v2/service/sts v1.28.10/go.mod h1:0Aqn1MnEuitqfsCNyKsdKLhDUOr4txD/g19EfiUqgws=
github.com/aws/smithy-go v1.4.0/go.mod h1:SObp3lf9smib00L/v3U2eAKG8FyQ7iLrJnQiAmR5n+E=
github.com/aws/smithy-go v1.13.5 h1:hgz0X/DX0dGqTYpGALqXJoRKRj5oQ7150i5FdTePzO8=
github.com/aws/smithy-go v1.13.5/go.mod h1:Tg+OJXh4MB2R/uN61Ko2f6hTZwB/ZYGOtib8J3gBHzA=
github.com/aws/smithy-go v1.20.2 h1:tbp628ireGtzcHDDmLT/6ADHidqnwgF57XOXZe6tp4Q=
github.com/aws/smithy-go v1.20.2/go.mod h1:krry+ya/rV9RDcV/Q16kpu6ypI4K2czasz0NC3qS14E=
github.com/bshuster-repo/logrus-logstash-hook v1.1.0 h1:o2FzZifLg+z/DN1OFmzTWzZZx/roaqt8IPZCIVco8r4=
github.com/bshuster-repo/logrus-logstash-hook v1.1.0/go.mod h1:Q2aXOe7rNuPgbBtPCOzYyWDvKX7+FpxE5sRdvcPoui0=
github.com/clockworksoul/smudge v1.0.1 h1:MpNAqrYapy9fuPb8dRTeAY4c/2j4tx0/wa0ATErXQGM=
github.com/clockworksoul/smudge v1.0.1/go.mod h1:o6Lsa04K16Wm6n84vkt/deR8hJ6JoX979uF8JXOZMJk=
github.com/davecgh/go-spew v1.1.0/go.mod h1:J7Y8YcW2NihsgmVo/mv3lAwl/skON4iLHjSsI+c5H38=
github.com/davecgh/go-spew v1.1.1 h1:vj9j/u1bqnvCEfJOwUhtlOARqs3+rkHYY13jYWTU97c=
github.com/davecgh/go-spew v1.1.1/go.mod h1:J7Y8YcW2NihsgmVo/mv3lAwl/skON4iLHjSsI+c5H38=
github.com/facebookgo/ensure v0.0.0-20160127193407-b4ab57deab51 h1:0JZ+dUmQeA8IIVUMzysrX4/AKuQwWhV2dYQuPZdvdSQ=
github.com/facebookgo/ensure v0.0.0-20160127193407-b4ab57deab51/go.mod h1:Yg+htXGokKKdzcwhuNDwVvN+uBxDGXJ7G/VN1d8fa64=
github.com/facebookgo/stack v0.0.0-20160209184415-751773369052 h1:JWuenKqqX8nojtoVVWjGfOF9635RETekkoH6Cc9SX0A=
github.com/facebookgo/stack v0.0.0-20160209184415-751773369052/go.mod h1:UbMTZqLaRiH3MsBH8va0n7s1pQYcu3uTb8G4tygF4Zg=
github.com/facebookgo/subset v0.0.0-20150612182917-8dac2c3c4870 h1:E2s37DuLxFhQDg5gKsWoLBOB0n+ZW8s599zru8FJ2/Y=
github.com/facebookgo/subset v0.0.0-20150612182917-8dac2c3c4870/go.mod h1:5tD+neXqOorC30/tWg0LCSkrqj/AR6gu8yY8/fpw1q0=
github.com/go-chi/chi/v5 v5.0.8/go.mod h1:DslCQbL2OYiznFReuXYUmQ2hGd1aDpCnlMNITLSKoi8=
github.com/go-chi/chi/v5 v5.0.12 h1:9euLV5sTrTNTRUU9POmDUvfxyj6LAABLUcEWO+JJb4s=
github.com/go-chi/chi/v5 v5.0.12/go.mod h1:DslCQbL2OYiznFReuXYUmQ2hGd1aDpCnlMNITLSKoi8=
github.com/go-redis/redis v6.15.9+incompatible h1:K0pv1D7EQUjfyoMql+r/jZqCLizCGKFlFgcHWWmHQjg=
github.com/go-redis/redis v6.15.9+incompatible/go.mod h1:NAIEuMOZ/fxfXJIrKDQDz8wamY7mA7PouImQ2Jvg6kA=
github.com/go-sql-driver/mysql v1.7.0 h1:ueSltNNllEqE3qcWBTD0iQd3IpL/6U+mJxLkazJ7YPc=
github.com/go-sql-driver/mysql v1.7.0/go.mod h1:OXbVy3sEdcQ2Doequ6Z5BW6fXNQTmx+9S1MCJN5yJMI=
github.com/go-sql-driver/mysql v1.8.1 h1:LedoTUt/eveggdHS9qUFC1EFSa8bU2+1pZjSRpvNJ1Y=
github.com/go-sql-driver/mysql v1.8.1/go.mod h1:wEBSXgmK//2ZFJyE+qWnIsVGmvmEKlqwuVSjsCm7DZg=
github.com/golang/protobuf v1.5.0/go.mod h1:FsONVRAS9T7sI+LIUmWTfcYkHO4aIWwzhcaSAoJOfIk=
github.com/golang/protobuf v1.5.2 h1:ROPKBNFfQgOUMifHyP+KYbvpjbdoFNs+aK7DXlji0Tw=
github.com/golang/protobuf v1.5.2/go.mod h1:XVQd3VNwM+JqD3oG2Ue2ip4fOMUkwXdXDdiuN0vRsmY=
github.com/golang/protobuf v1.5.4 h1:i7eJL8qZTpSEXOPTxNKhASYpMn+8e5Q6AdndVa1dWek=
github.com/golang/protobuf v1.5.4/go.mod h1:lnTiLA8Wa4RWRcIUkrtSVa5nRhsEGBg48fD6rSs7xps=
github.com/google/go-cmp v0.5.4/go.mod h1:v8dTdLbMG2kIc/vJvl+f65V22dbkXbowE6jgT/gNBxE=
github.com/google/go-cmp v0.5.5/go.mod h1:v8dTdLbMG2kIc/vJvl+f65V22dbkXbowE6jgT/gNBxE=
github.com/google/go-cmp v0.5.8 h1:e6P7q2lk1O+qJJb4BtCQXlK8vWEO8V1ZeuEdJNOqZyg=
github.com/google/go-cmp v0.5.8/go.mod h1:17dUlkBOakJ0+DkrSSNjCkIjxS6bF9zb3elmeNGIjoY=
github.com/google/gofuzz v1.0.0/go.mod h1:dBl0BpW6vV/+mYPU4Po3pmUjxk6FQPldtuIdl/M65Eg=
github.com/google/uuid v1.3.0 h1:t6JiXgmwXMjEs8VusXIJk2BXHsn+wx8BZdTaoZ5fu7I=
github.com/google/uuid v1.3.0/go.mod h1:TIyPZe4MgqvfeYDBFedMoGGpEw/LqOeaOT+nhxU+yHo=
github.com/google/uuid v1.6.0 h1:NIvaJDMOsjHA8n1jAhLSgzrAzy1Hgr+hNrb57e+94F0=
github.com/google/uuid v1.6.0/go.mod h1:TIyPZe4MgqvfeYDBFedMoGGpEw/LqOeaOT+nhxU+yHo=
github.com/gorilla/mux v1.8.0 h1:i40aqfkR1h2SlN9hojwV5ZA91wcXFOvkdNIeFDP5koI=
github.com/gorilla/mux v1.8.0/go.mod h1:DVbg23sWSpFRCP0SfiEN6jmj59UnW/n46BH5rLB71So=
github.com/gorilla/mux v1.8.1 h1:TuBL49tXwgrFYWhqrNgrUNEY92u81SPhu7sTdzQEiWY=
github.com/gorilla/mux v1.8.1/go.mod h1:AKf9I4AEqPTmMytcMc0KkNouC66V3BtZ4qD5fmWSiMQ=
github.com/innix/logrus-cloudwatch v1.0.0 h1:LYXpl2AJSWVKKh7i7VxCnIr8Lxz1BdEH2h1iVnnlXw0=
github.com/innix/logrus-cloudwatch v1.0.0/go.mod h1:e/phC+Nl447Oem1MTikzP+m318ovtvWO4tnrePWETIc=
github.com/jinzhu/now v1.1.5 h1:/o9tlHleP7gOFmsnYNz3RGnqzefHA47wQpKrrdTIwXQ=
github.com/jinzhu/now v1.1.5/go.mod h1:d3SSVoowX0Lcu0IBviAWJpolVfI5UJVZZ7cO71lE/z8=
github.com/jmespath/go-jmespath v0.4.0 h1:BEgLn5cpjn8UN1mAw4NjwDrS35OdebyEtFe+9YPoQUg=
github.com/jmespath/go-jmespath v0.4.0/go.mod h1:T8mJZnbsbmF+m6zOOFylbeCJqk5+pHWvzYPziyZiYoo=
github.com/jmespath/go-jmespath/internal/testify v1.5.1 h1:shLQSRRSCCPj3f2gpwzGwWFoC7ycTf1rcQZHOlsJ6N8=
github.com/jmespath/go-jmespath/internal/testify v1.5.1/go.mod h1:L3OGu8Wl2/fWfCI6z80xFu9LTZmf1ZRjMHUOPmWr69U=
github.com/joho/godotenv v1.5.1 h1:7eLL/+HRGLY0ldzfGMeQkb7vMd0as4CfYvUVzLqw0N0=
github.com/joho/godotenv v1.5.1/go.mod h1:f4LDr5Voq0i2e/R5DDNOoa2zzDfwtkZa6DnEwAbqwq4=
github.com/json-iterator/go v1.1.10 h1:Kz6Cvnvv2wGdaG/V8yMvfkmNiXq9Ya2KUv4rouJJr68=
github.com/json-iterator/go v1.1.10/go.mod h1:KdQUCv79m/52Kvf8AW2vK1V8akMuk1QjK/uOdHXbAo4=
github.com/json-iterator/go v1.1.12 h1:PV8peI4a0ysnczrg+LtxykD8LfKY9ML6u2jnxaEnrnM=
github.com/json-iterator/go v1.1.12/go.mod h1:e30LSqwooZae/UwlEbR2852Gd8hjQvJoHmT4TnhNGBo=
github.com/konsorten/go-windows-terminal-sequences v1.0.1/go.mod h1:T0+1ngSBFLxvqU3pZ+m/2kptfBszLMUkC4ZK/EgS/cQ=
github.com/mailgun/mailgun-go/v4 v4.8.1 h1:1+MdKakJuXnW2JJDbyPdO1ngAANOyHyVPxQvFF8Sq6c=
github.com/mailgun/mailgun-go/v4 v4.8.1/go.mod h1:FJlF9rI5cQT+mrwujtJjPMbIVy3Ebor9bKTVsJ0QU40=
github.com/mailgun/mailgun-go/v4 v4.12.0 h1:TtuQCgqSp4cB6swPxP5VF/u4JeeBIAjTdpuQ+4Usd/w=
github.com/mailgun/mailgun-go/v4 v4.12.0/go.mod h1:L9s941Lgk7iB3TgywTPz074pK2Ekkg4kgbnAaAyJ2z8=
github.com/modern-go/concurrent v0.0.0-20180228061459-e0a39a4cb421 h1:ZqeYNhU3OHLH3mGKHDcjJRFFRrJa6eAM5H+CtDdOsPc=
github.com/modern-go/concurrent v0.0.0-20180228061459-e0a39a4cb421/go.mod h1:6dJC0mAP4ikYIbvyc7fijjWJddQyLn8Ig3JB5CqoB9Q=
github.com/modern-go/concurrent v0.0.0-20180306012644-bacd9c7ef1dd h1:TRLaZ9cD/w8PVh93nsPXa1VrQ6jlwL5oN8l14QlcNfg=
github.com/modern-go/concurrent v0.0.0-20180306012644-bacd9c7ef1dd/go.mod h1:6dJC0mAP4ikYIbvyc7fijjWJddQyLn8Ig3JB5CqoB9Q=
github.com/modern-go/reflect2 v0.0.0-20180701023420-4b7aa43c6742 h1:Esafd1046DLDQ0W1YjYsBW+p8U2u7vzgW2SQVmlNazg=
github.com/modern-go/reflect2 v0.0.0-20180701023420-4b7aa43c6742/go.mod h1:bx2lNnkwVCuqBIxFjflWJWanXIb3RllmbCylyMrvgv0=
github.com/modern-go/reflect2 v1.0.2 h1:xBagoLtFs94CBntxluKeaWgTMpvLxC4ur3nMaC9Gz0M=
github.com/modern-go/reflect2 v1.0.2/go.mod h1:yWuevngMOJpCy52FWWMvUC8ws7m/LJsjYzDa0/r8luk=
github.com/pkg/errors v0.8.1/go.mod h1:bwawxfHBFNV+L2hUp1rHADufV3IMtnDRdf1r5NINEl0=
github.com/pkg/errors v0.9.1 h1:FEBLx1zS214owpjy7qsBeixbURkuhQAwrK5UwLGTwt4=
github.com/pkg/errors v0.9.1/go.mod h1:bwawxfHBFNV+L2hUp1rHADufV3IMtnDRdf1r5NINEl0=
github.com/pmezard/go-difflib v1.0.0 h1:4DBwDE0NGyQoBHbLQYPwSUPoCMWR5BEzIk/f1lZbAQM=
github.com/pmezard/go-difflib v1.0.0/go.mod h1:iKH77koFhYxTK1pcRnkKkqfTogsbg7gZNVY4sRDYZ/4=
github.com/satori/go.uuid v1.2.0 h1:0uYX9dsZ2yD7q2RtLRtPSdGDWzjeM3TbMJP9utgA0ww=
github.com/satori/go.uuid v1.2.0/go.mod h1:dA0hQrYB0VpLJoorglMZABFdXlWrHn1NEOzdhQKdks0=
github.com/sirupsen/logrus v1.4.2/go.mod h1:tLMulIdttU9McNUspp0xgXVQah82FyeX6MwdIuYE2rE=
github.com/sirupsen/logrus v1.8.1/go.mod h1:yWOB1SBYBC5VeMP7gHvWumXLIWorT60ONWic61uBYv0=
github.com/sirupsen/logrus v1.9.0 h1:trlNQbNUG3OdDrDil03MCb1H2o9nJ1x4/5LYw7byDE0=
github.com/sirupsen/logrus v1.9.0/go.mod h1:naHLuLoDiP4jHNo9R0sCBMtWGeIprob74mVsIT4qYEQ=
github.com/sirupsen/logrus v1.9.3 h1:dueUQJ1C2q9oE3F7wvmSGAaVtTmUizReu6fjN8uqzbQ=
github.com/sirupsen/logrus v1.9.3/go.mod h1:naHLuLoDiP4jHNo9R0sCBMtWGeIprob74mVsIT4qYEQ=
github.com/stretchr/objx v0.1.0/go.mod h1:HFkY916IF+rwdDfMAkV7OtwuqBVzrE8GR6GFx+wExME=
github.com/stretchr/objx v0.1.1/go.mod h1:HFkY916IF+rwdDfMAkV7OtwuqBVzrE8GR6GFx+wExME=
github.com/stretchr/testify v1.2.2/go.mod h1:a8OnRcib4nhh0OaRAV+Yts87kKdq0PP7pXfy6kDkUVs=
github.com/stretchr/testify v1.3.0/go.mod h1:M5WIy9Dh21IEIfnGCwXGc5bZfKNJtfHm1UVUgZn+9EI=
github.com/stretchr/testify v1.5.1/go.mod h1:5W2xD1RspED5o8YsWQXVCued0rvSQ+mT+I5cxcmMvtA=
github.com/stretchr/testify v1.6.1/go.mod h1:6Fq8oRcR53rry900zMqJjRRixrwX3KX962/h/Wwjteg=
github.com/stretchr/testify v1.7.0 h1:nwc3DEeHmmLAfoZucVR881uASk0Mfjw8xYJ99tb5CcY=
github.com/stretchr/testify v1.7.0/go.mod h1:6Fq8oRcR53rry900zMqJjRRixrwX3KX962/h/Wwjteg=
github.com/stripe/stripe-go/v71 v71.48.0 h1:xSmbjHB1fdt6ieIf9yCGggafbzbXHPIhQj+R1gxTUHM=
github.com/stripe/stripe-go/v71 v71.48.0/go.mod h1:BXYwMQe+xjYomcy5/qaTGyoyVMTP3wDCHa7DVFvg8+Y=
github.com/t-tomalak/logrus-easy-formatter v0.0.0-20190827215021-c074f06c5816 h1:J6v8awz+me+xeb/cUTotKgceAYouhIB3pjzgRd6IlGk=
github.com/t-tomalak/logrus-easy-formatter v0.0.0-20190827215021-c074f06c5816/go.mod h1:tzym/CEb5jnFI+Q0k4Qq3+LvRF4gO3E2pxS8fHP8jcA=
github.com/ttacon/builder v0.0.0-20170518171403-c099f663e1c2 h1:5u+EJUQiosu3JFX0XS0qTf5FznsMOzTjGqavBGuCbo0=
github.com/ttacon/builder v0.0.0-20170518171403-c099f663e1c2/go.mod h1:4kyMkleCiLkgY6z8gK5BkI01ChBtxR0ro3I1ZDcGM3w=
github.com/ttacon/libphonenumber v1.2.1 h1:fzOfY5zUADkCkbIafAed11gL1sW+bJ26p6zWLBMElR4=
github.com/ttacon/libphonenumber v1.2.1/go.mod h1:E0TpmdVMq5dyVlQ7oenAkhsLu86OkUl+yR4OAxyEg/M=
github.com/yuin/goldmark v1.4.13/go.mod h1:6yULJ656Px+3vBD8DxQVa3kxgyrAnzto9xy5taEt/CY=
golang.org/x/crypto v0.0.0-20190308221718-c2843e01d9a2/go.mod h1:djNgcEr1/C05ACkg1iLfiJU5Ep61QUkGW8qpdssI0+w=
golang.org/x/crypto v0.0.0-20210921155107-089bfa567519/go.mod h1:GvvjBRRGRdwPK5ydBHafDWAxML/pGHZbMvKqRZ5+Abc=
golang.org/x/mod v0.6.0-dev.0.20220419223038-86c51ed26bb4/go.mod h1:jJ57K6gSWd91VN4djpZkiMVwK6gcyfeH4XE8wZrZaV4=
golang.org/x/net v0.0.0-20190620200207-3b0461eec859/go.mod h1:z5CRVTTTmAJ677TzLLGU+0bjPO0LkuOLi4/5GtJWs/s=
golang.org/x/net v0.0.0-20200324143707-d3edc9973b7e/go.mod h1:qpuaurCH72eLCgpAm/N6yyVIVM9cpaDIP3A8BGJEC5A=
golang.org/x/net v0.0.0-20210226172049-e18ecbb05110/go.mod h1:m0MpNAwzfU5UDzcl9v0D8zg8gWTRqZa9RBIspLL5mdg=
golang.org/x/net v0.0.0-20220722155237-a158d28d115b/go.mod h1:XRhObCWvk6IyKnWLug+ECip1KBveYUHfp+8e9klMJ9c=
golang.org/x/net v0.1.0 h1:hZ/3BUoy5aId7sCpA/Tc5lt8DkFgdVS2onTpJsZ/fl0=
golang.org/x/net v0.1.0/go.mod h1:Cx3nUiGt4eDBEyega/BKRp+/AlGL8hYe7U9odMt2Cco=
golang.org/x/sync v0.0.0-20190423024810-112230192c58/go.mod h1:RxMgew5VJxzue5/jJTE5uejpjVlOe/izrB70Jof72aM=
golang.org/x/sync v0.0.0-20220722155255-886fb9371eb4/go.mod h1:RxMgew5VJxzue5/jJTE5uejpjVlOe/izrB70Jof72aM=
golang.org/x/sys v0.0.0-20190215142949-d0b11bdaac8a/go.mod h1:STP8DvDyc/dI5b8T5hshtkjS+E42TnysNCUPdjciGhY=
golang.org/x/sys v0.0.0-20190422165155-953cdadca894/go.mod h1:h1NjWce9XRLGQEsW7wpKNCjG9DtNlClVuFLEZdDNbEs=
golang.org/x/sys v0.0.0-20191026070338-33540a1f6037/go.mod h1:h1NjWce9XRLGQEsW7wpKNCjG9DtNlClVuFLEZdDNbEs=
golang.org/x/sys v0.0.0-20200323222414-85ca7c5b95cd/go.mod h1:h1NjWce9XRLGQEsW7wpKNCjG9DtNlClVuFLEZdDNbEs=
golang.org/x/sys v0.0.0-20201119102817-f84b799fce68/go.mod h1:h1NjWce9XRLGQEsW7wpKNCjG9DtNlClVuFLEZdDNbEs=
golang.org/x/sys v0.0.0-20210615035016-665e8c7367d1/go.mod h1:oPkhp1MJrh7nUepCBck5+mAzfO9JrbApNNgaTdGDITg=
golang.org/x/sys v0.0.0-20220520151302-bc2c85ada10a/go.mod h1:oPkhp1MJrh7nUepCBck5+mAzfO9JrbApNNgaTdGDITg=
golang.org/x/sys v0.0.0-20220715151400-c0bba94af5f8/go.mod h1:oPkhp1MJrh7nUepCBck5+mAzfO9JrbApNNgaTdGDITg=
golang.org/x/sys v0.0.0-20220722155257-8c9f86f7a55f/go.mod h1:oPkhp1MJrh7nUepCBck5+mAzfO9JrbApNNgaTdGDITg=
golang.org/x/sys v0.1.0 h1:kunALQeHf1/185U1i0GOB/fy1IPRDDpuoOOqRReG57U=
golang.org/x/sys v0.1.0/go.mod h1:oPkhp1MJrh7nUepCBck5+mAzfO9JrbApNNgaTdGDITg=
golang.org/x/sys v0.20.0 h1:Od9JTbYCk261bKm4M/mw7AklTlFYIa0bIp9BgSm1S8Y=
golang.org/x/sys v0.20.0/go.mod h1:/VUhepiaJMQUp4+oa/7Zr1D23ma6VTLIYjOOTFZPUcA=
golang.org/x/term v0.0.0-20201126162022-7de9c90e9dd1/go.mod h1:bj7SfCRtBDWHUb9snDiAeCFNEtKQo2Wmx5Cou7ajbmo=
golang.org/x/term v0.0.0-20210927222741-03fcf44c2211/go.mod h1:jbD1KX2456YbFQfuXm/mYQcufACuNUgVhRMnK/tPxf8=
golang.org/x/term v0.1.0/go.mod h1:jbD1KX2456YbFQfuXm/mYQcufACuNUgVhRMnK/tPxf8=
golang.org/x/text v0.3.0/go.mod h1:NqM8EUOU14njkJ3fqMW+pc6Ldnwhi/IjpwHt7yyuwOQ=
golang.org/x/text v0.3.3/go.mod h1:5Zoc/QRtKVWzQhOtBMvqHzDpF6irO9z98xDceosuGiQ=
golang.org/x/text v0.3.7/go.mod h1:u+2+/6zg+i71rQMx5EYifcz6MCKuco9NR6JIITiCfzQ=
golang.org/x/text v0.4.0 h1:BrVqGRd7+k1DiOgtnFvAkoQEWQvBc25ouMJM6429SFg=
golang.org/x/text v0.4.0/go.mod h1:mrYo+phRRbMaCq/xk9113O4dZlRixOauAjOtrjsXDZ8=
golang.org/x/tools v0.0.0-20180917221912-90fa682c2a6e/go.mod h1:n7NCudcB/nEzxVGmLbDWY5pfWTLqBcC2KZ6jyYvM4mQ=
golang.org/x/tools v0.0.0-20191119224855-298f0cb1881e/go.mod h1:b+2E5dAYhXwXZwtnZ6UAqBI28+e2cm9otk0dWdXHAEo=
golang.org/x/tools v0.1.12/go.mod h1:hNGJHUnrk76NpqgfD5Aqm5Crs+Hm0VOH/i9J2+nxYbc=
golang.org/x/xerrors v0.0.0-20190717185122-a985d3407aa7/go.mod h1:I/5z698sn9Ka8TeJc9MKroUUfqBBauWjQqLJ2OPfmY0=
golang.org/x/xerrors v0.0.0-20191204190536-9bdfabe68543/go.mod h1:I/5z698sn9Ka8TeJc9MKroUUfqBBauWjQqLJ2OPfmY0=
google.golang.org/protobuf v1.26.0-rc.1/go.mod h1:jlhhOSvTdKEhbULTjvd4ARK9grFBp09yW+WbY/TyQbw=
google.golang.org/protobuf v1.26.0 h1:bxAC2xTBsZGibn2RTntX0oH50xLsqy1OxA9tTL3p/lk=
google.golang.org/protobuf v1.26.0/go.mod h1:9q0QmTI4eRPtz6boOQmLYwt+qCgq0jsYwAQnmE0givc=
google.golang.org/protobuf v1.34.1 h1:9ddQBjfCyZPOHPUiPxpYESBLc+T8P3E+Vo4IbKZgFWg=
google.golang.org/protobuf v1.34.1/go.mod h1:c6P6GXX6sHbq/GpV6MGZEdwhWPcYBgnhAHhKbcUYpos=
gopkg.in/check.v1 v0.0.0-20161208181325-20d25e280405 h1:yhCVgyC4o1eVCa2tZl7eS0r+SDo693bJlVdllGtEeKM=
gopkg.in/check.v1 v0.0.0-20161208181325-20d25e280405/go.mod h1:Co6ibVJAznAaIkqp8huTwlJQCZ016jof/cbN4VW5Yz0=
gopkg.in/yaml.v2 v2.2.2/go.mod h1:hI93XBmqTisBFMUTm0b8Fm+jr3Dg1NNxqwp+5A1VGuI=
gopkg.in/yaml.v2 v2.2.8 h1:obN1ZagJSUGI0Ek/LBmuj4SNLPfIny3KsKFopxRdj10=
gopkg.in/yaml.v2 v2.2.8/go.mod h1:hI93XBmqTisBFMUTm0b8Fm+jr3Dg1NNxqwp+5A1VGuI=
gopkg.in/yaml.v3 v3.0.0-20200313102051-9f266ea9e77c h1:dUUwHk2QECo/6vqA44rthZ8ie2QXMNeKRTHCNY2nXvo=
gopkg.in/yaml.v3 v3.0.0-20200313102051-9f266ea9e77c/go.mod h1:K4uyk7z7BCEPqu6E+C64Yfv1cQ7kz7rIZviUmN+EgEM=
